// !$*UTF8*$!
{
	archiveVersion = 1;
	classes = {
	};
	objectVersion = 46;
	objects = {

/* Begin PBXBuildFile section */
		1766B5E893046BF9F8D577DD /* Pods_SwiftyProtein.framework in Frameworks */ = {isa = PBXBuildFile; fileRef = 936D1137AB85864499592C7B /* Pods_SwiftyProtein.framework */; };
		38A79EDA1D3CF6DB0055DD2C /* LocalAuthentication.framework in Frameworks */ = {isa = PBXBuildFile; fileRef = 38A79ED91D3CF6DB0055DD2C /* LocalAuthentication.framework */; };
		38A79EDC1D3CF6F60055DD2C /* SceneKit.framework in Frameworks */ = {isa = PBXBuildFile; fileRef = 38A79EDB1D3CF6F60055DD2C /* SceneKit.framework */; };
		38A79EDE1D3D02A80055DD2C /* ProteinListViewController.swift in Sources */ = {isa = PBXBuildFile; fileRef = 38A79EDD1D3D02A80055DD2C /* ProteinListViewController.swift */; };
		38A79EE21D3D06480055DD2C /* LigandsListTableViewCell.swift in Sources */ = {isa = PBXBuildFile; fileRef = 38A79EE11D3D06480055DD2C /* LigandsListTableViewCell.swift */; };
		38A79EE41D3E29B60055DD2C /* APIRequester.swift in Sources */ = {isa = PBXBuildFile; fileRef = 38A79EE31D3E29B60055DD2C /* APIRequester.swift */; };
		38A79EE81D3E3B390055DD2C /* Atom.swift in Sources */ = {isa = PBXBuildFile; fileRef = 38A79EE71D3E3B390055DD2C /* Atom.swift */; };
		38A79EEA1D3E42E60055DD2C /* UIColor+fromRGB.swift in Sources */ = {isa = PBXBuildFile; fileRef = 38A79EE91D3E42E60055DD2C /* UIColor+fromRGB.swift */; };
		38A79EEE1D3E44A50055DD2C /* Connect.swift in Sources */ = {isa = PBXBuildFile; fileRef = 38A79EED1D3E44A50055DD2C /* Connect.swift */; };
		38AC8A8A1D365A0B00E18552 /* AppDelegate.swift in Sources */ = {isa = PBXBuildFile; fileRef = 38AC8A891D365A0B00E18552 /* AppDelegate.swift */; };
		38AC8A8C1D365A0B00E18552 /* LoginViewController.swift in Sources */ = {isa = PBXBuildFile; fileRef = 38AC8A8B1D365A0B00E18552 /* LoginViewController.swift */; };
		38AC8A911D365A0B00E18552 /* Assets.xcassets in Resources */ = {isa = PBXBuildFile; fileRef = 38AC8A901D365A0B00E18552 /* Assets.xcassets */; };
		C90EBC831D3CD35D00E52771 /* LaunchScreen.storyboard in Resources */ = {isa = PBXBuildFile; fileRef = C90EBC811D3CD35D00E52771 /* LaunchScreen.storyboard */; };
		C90EBC841D3CD35D00E52771 /* Main.storyboard in Resources */ = {isa = PBXBuildFile; fileRef = C90EBC821D3CD35D00E52771 /* Main.storyboard */; };
		C92A01831D3CD1D500D16C17 /* Alamofire.framework in Frameworks */ = {isa = PBXBuildFile; fileRef = C92A01821D3CD1D500D16C17 /* Alamofire.framework */; };
/* End PBXBuildFile section */

/* Begin PBXFileReference section */
		38A79ED91D3CF6DB0055DD2C /* LocalAuthentication.framework */ = {isa = PBXFileReference; lastKnownFileType = wrapper.framework; name = LocalAuthentication.framework; path = System/Library/Frameworks/LocalAuthentication.framework; sourceTree = SDKROOT; };
		38A79EDB1D3CF6F60055DD2C /* SceneKit.framework */ = {isa = PBXFileReference; lastKnownFileType = wrapper.framework; name = SceneKit.framework; path = System/Library/Frameworks/SceneKit.framework; sourceTree = SDKROOT; };
		38A79EDD1D3D02A80055DD2C /* ProteinListViewController.swift */ = {isa = PBXFileReference; fileEncoding = 4; lastKnownFileType = sourcecode.swift; path = ProteinListViewController.swift; sourceTree = "<group>"; };
		38A79EE11D3D06480055DD2C /* LigandsListTableViewCell.swift */ = {isa = PBXFileReference; fileEncoding = 4; lastKnownFileType = sourcecode.swift; path = LigandsListTableViewCell.swift; sourceTree = "<group>"; };
		38A79EE31D3E29B60055DD2C /* APIRequester.swift */ = {isa = PBXFileReference; fileEncoding = 4; lastKnownFileType = sourcecode.swift; name = APIRequester.swift; path = SwiftyProtein/Services/APIRequester.swift; sourceTree = SOURCE_ROOT; };
		38A79EE71D3E3B390055DD2C /* Atom.swift */ = {isa = PBXFileReference; fileEncoding = 4; lastKnownFileType = sourcecode.swift; path = Atom.swift; sourceTree = "<group>"; };
		38A79EE91D3E42E60055DD2C /* UIColor+fromRGB.swift */ = {isa = PBXFileReference; fileEncoding = 4; lastKnownFileType = sourcecode.swift; path = "UIColor+fromRGB.swift"; sourceTree = "<group>"; };
		38A79EED1D3E44A50055DD2C /* Connect.swift */ = {isa = PBXFileReference; fileEncoding = 4; lastKnownFileType = sourcecode.swift; path = Connect.swift; sourceTree = "<group>"; };
		38AC8A861D365A0B00E18552 /* SwiftyProtein.app */ = {isa = PBXFileReference; explicitFileType = wrapper.application; includeInIndex = 0; path = SwiftyProtein.app; sourceTree = BUILT_PRODUCTS_DIR; };
		38AC8A891D365A0B00E18552 /* AppDelegate.swift */ = {isa = PBXFileReference; lastKnownFileType = sourcecode.swift; path = AppDelegate.swift; sourceTree = "<group>"; };
		38AC8A8B1D365A0B00E18552 /* LoginViewController.swift */ = {isa = PBXFileReference; lastKnownFileType = sourcecode.swift; path = LoginViewController.swift; sourceTree = "<group>"; };
		38AC8A901D365A0B00E18552 /* Assets.xcassets */ = {isa = PBXFileReference; lastKnownFileType = folder.assetcatalog; path = Assets.xcassets; sourceTree = "<group>"; };
		38AC8A951D365A0B00E18552 /* Info.plist */ = {isa = PBXFileReference; lastKnownFileType = text.plist.xml; path = Info.plist; sourceTree = "<group>"; };
		39C88BDB87A4F59BB5513CCD /* Pods-SwiftyProtein.release.xcconfig */ = {isa = PBXFileReference; includeInIndex = 1; lastKnownFileType = text.xcconfig; name = "Pods-SwiftyProtein.release.xcconfig"; path = "Pods/Target Support Files/Pods-SwiftyProtein/Pods-SwiftyProtein.release.xcconfig"; sourceTree = "<group>"; };
		7AF358246CD56AE811FBB430 /* Pods-SwiftyProtein.debug.xcconfig */ = {isa = PBXFileReference; includeInIndex = 1; lastKnownFileType = text.xcconfig; name = "Pods-SwiftyProtein.debug.xcconfig"; path = "Pods/Target Support Files/Pods-SwiftyProtein/Pods-SwiftyProtein.debug.xcconfig"; sourceTree = "<group>"; };
		936D1137AB85864499592C7B /* Pods_SwiftyProtein.framework */ = {isa = PBXFileReference; explicitFileType = wrapper.framework; includeInIndex = 0; path = Pods_SwiftyProtein.framework; sourceTree = BUILT_PRODUCTS_DIR; };
		C90EBC811D3CD35D00E52771 /* LaunchScreen.storyboard */ = {isa = PBXFileReference; fileEncoding = 4; lastKnownFileType = file.storyboard; path = LaunchScreen.storyboard; sourceTree = "<group>"; };
		C90EBC821D3CD35D00E52771 /* Main.storyboard */ = {isa = PBXFileReference; fileEncoding = 4; lastKnownFileType = file.storyboard; path = Main.storyboard; sourceTree = "<group>"; };
		C92A01821D3CD1D500D16C17 /* Alamofire.framework */ = {isa = PBXFileReference; lastKnownFileType = wrapper.framework; name = Alamofire.framework; path = "../../Library/Developer/Xcode/DerivedData/SwiftyProtein-gicusfjcidbdfzgvmclhtelbbrbx/Build/Products/Debug-iphonesimulator/Alamofire/Alamofire.framework"; sourceTree = "<group>"; };
/* End PBXFileReference section */

/* Begin PBXFrameworksBuildPhase section */
		38AC8A831D365A0B00E18552 /* Frameworks */ = {
			isa = PBXFrameworksBuildPhase;
			buildActionMask = 2147483647;
			files = (
				38A79EDC1D3CF6F60055DD2C /* SceneKit.framework in Frameworks */,
				38A79EDA1D3CF6DB0055DD2C /* LocalAuthentication.framework in Frameworks */,
				C92A01831D3CD1D500D16C17 /* Alamofire.framework in Frameworks */,
				1766B5E893046BF9F8D577DD /* Pods_SwiftyProtein.framework in Frameworks */,
			);
			runOnlyForDeploymentPostprocessing = 0;
		};
/* End PBXFrameworksBuildPhase section */

/* Begin PBXGroup section */
		389924DF1D365C6B00BF8186 /* Controllers */ = {
			isa = PBXGroup;
			children = (
				38AC8A8B1D365A0B00E18552 /* LoginViewController.swift */,
				38A79EDD1D3D02A80055DD2C /* ProteinListViewController.swift */,
			);
			path = Controllers;
			sourceTree = "<group>";
		};
		389924E21D365D0500BF8186 /* Views */ = {
			isa = PBXGroup;
			children = (
				C90EBC811D3CD35D00E52771 /* LaunchScreen.storyboard */,
				C90EBC821D3CD35D00E52771 /* Main.storyboard */,
				38A79EE11D3D06480055DD2C /* LigandsListTableViewCell.swift */,
			);
			path = Views;
			sourceTree = "<group>";
		};
		389924E31D365D0E00BF8186 /* Models */ = {
			isa = PBXGroup;
			children = (
				38A79EE71D3E3B390055DD2C /* Atom.swift */,
				38A79EED1D3E44A50055DD2C /* Connect.swift */,
			);
			path = Models;
			sourceTree = "<group>";
		};
		389924E41D365D1400BF8186 /* Extensions */ = {
			isa = PBXGroup;
			children = (
				38A79EE91D3E42E60055DD2C /* UIColor+fromRGB.swift */,
			);
			path = Extensions;
			sourceTree = "<group>";
		};
		389924E51D365D1E00BF8186 /* Services */ = {
			isa = PBXGroup;
			children = (
				38A79EE31D3E29B60055DD2C /* APIRequester.swift */,
			);
			path = Services;
			sourceTree = "<group>";
		};
		38AC8A7D1D365A0B00E18552 = {
			isa = PBXGroup;
			children = (
				38AC8A881D365A0B00E18552 /* SwiftyProtein */,
				38AC8A871D365A0B00E18552 /* Products */,
				D690AE80E6F51F7ED3AEE17B /* Pods */,
				72C2BEBDAFF81C461B6DD89D /* Frameworks */,
			);
			sourceTree = "<group>";
		};
		38AC8A871D365A0B00E18552 /* Products */ = {
			isa = PBXGroup;
			children = (
				38AC8A861D365A0B00E18552 /* SwiftyProtein.app */,
			);
			name = Products;
			sourceTree = "<group>";
		};
		38AC8A881D365A0B00E18552 /* SwiftyProtein */ = {
			isa = PBXGroup;
			children = (
				389924E51D365D1E00BF8186 /* Services */,
				389924E41D365D1400BF8186 /* Extensions */,
				389924E31D365D0E00BF8186 /* Models */,
				389924E21D365D0500BF8186 /* Views */,
				389924DF1D365C6B00BF8186 /* Controllers */,
				38AC8A891D365A0B00E18552 /* AppDelegate.swift */,
				38AC8A901D365A0B00E18552 /* Assets.xcassets */,
				38AC8A951D365A0B00E18552 /* Info.plist */,
			);
			path = SwiftyProtein;
			sourceTree = "<group>";
		};
		72C2BEBDAFF81C461B6DD89D /* Frameworks */ = {
			isa = PBXGroup;
			children = (
				38A79EDB1D3CF6F60055DD2C /* SceneKit.framework */,
				38A79ED91D3CF6DB0055DD2C /* LocalAuthentication.framework */,
				C92A01821D3CD1D500D16C17 /* Alamofire.framework */,
				936D1137AB85864499592C7B /* Pods_SwiftyProtein.framework */,
			);
			name = Frameworks;
			sourceTree = "<group>";
		};
		D690AE80E6F51F7ED3AEE17B /* Pods */ = {
			isa = PBXGroup;
			children = (
				7AF358246CD56AE811FBB430 /* Pods-SwiftyProtein.debug.xcconfig */,
				39C88BDB87A4F59BB5513CCD /* Pods-SwiftyProtein.release.xcconfig */,
			);
			name = Pods;
			sourceTree = "<group>";
		};
/* End PBXGroup section */

/* Begin PBXNativeTarget section */
		38AC8A851D365A0B00E18552 /* SwiftyProtein */ = {
			isa = PBXNativeTarget;
			buildConfigurationList = 38AC8A981D365A0B00E18552 /* Build configuration list for PBXNativeTarget "SwiftyProtein" */;
			buildPhases = (
				C05212EC1B26C8DA69BFC50D /* [CP] Check Pods Manifest.lock */,
				38AC8A821D365A0B00E18552 /* Sources */,
				38AC8A831D365A0B00E18552 /* Frameworks */,
				38AC8A841D365A0B00E18552 /* Resources */,
				59A797B3CCDE2375D4A5A2F0 /* [CP] Embed Pods Frameworks */,
				23F88DD3A1C1CE9558FFAFC1 /* [CP] Copy Pods Resources */,
			);
			buildRules = (
			);
			dependencies = (
			);
			name = SwiftyProtein;
			productName = SwiftyProtein;
			productReference = 38AC8A861D365A0B00E18552 /* SwiftyProtein.app */;
			productType = "com.apple.product-type.application";
		};
/* End PBXNativeTarget section */

/* Begin PBXProject section */
		38AC8A7E1D365A0B00E18552 /* Project object */ = {
			isa = PBXProject;
			attributes = {
				LastSwiftUpdateCheck = 0730;
				LastUpgradeCheck = 0730;
				ORGANIZATIONNAME = "Nicolas CHEVALIER";
				TargetAttributes = {
					38AC8A851D365A0B00E18552 = {
						CreatedOnToolsVersion = 7.3.1;
					};
				};
			};
			buildConfigurationList = 38AC8A811D365A0B00E18552 /* Build configuration list for PBXProject "SwiftyProtein" */;
			compatibilityVersion = "Xcode 3.2";
			developmentRegion = English;
			hasScannedForEncodings = 0;
			knownRegions = (
				en,
				Base,
			);
			mainGroup = 38AC8A7D1D365A0B00E18552;
			productRefGroup = 38AC8A871D365A0B00E18552 /* Products */;
			projectDirPath = "";
			projectRoot = "";
			targets = (
				38AC8A851D365A0B00E18552 /* SwiftyProtein */,
			);
		};
/* End PBXProject section */

/* Begin PBXResourcesBuildPhase section */
		38AC8A841D365A0B00E18552 /* Resources */ = {
			isa = PBXResourcesBuildPhase;
			buildActionMask = 2147483647;
			files = (
				C90EBC841D3CD35D00E52771 /* Main.storyboard in Resources */,
				38AC8A911D365A0B00E18552 /* Assets.xcassets in Resources */,
				C90EBC831D3CD35D00E52771 /* LaunchScreen.storyboard in Resources */,
			);
			runOnlyForDeploymentPostprocessing = 0;
		};
/* End PBXResourcesBuildPhase section */

/* Begin PBXShellScriptBuildPhase section */
		23F88DD3A1C1CE9558FFAFC1 /* [CP] Copy Pods Resources */ = {
			isa = PBXShellScriptBuildPhase;
			buildActionMask = 2147483647;
			files = (
			);
			inputPaths = (
			);
			name = "[CP] Copy Pods Resources";
			outputPaths = (
			);
			runOnlyForDeploymentPostprocessing = 0;
			shellPath = /bin/sh;
			shellScript = "\"${SRCROOT}/Pods/Target Support Files/Pods-SwiftyProtein/Pods-SwiftyProtein-resources.sh\"\n";
			showEnvVarsInLog = 0;
		};
		59A797B3CCDE2375D4A5A2F0 /* [CP] Embed Pods Frameworks */ = {
			isa = PBXShellScriptBuildPhase;
			buildActionMask = 2147483647;
			files = (
			);
			inputPaths = (
			);
			name = "[CP] Embed Pods Frameworks";
			outputPaths = (
			);
			runOnlyForDeploymentPostprocessing = 0;
			shellPath = /bin/sh;
			shellScript = "\"${SRCROOT}/Pods/Target Support Files/Pods-SwiftyProtein/Pods-SwiftyProtein-frameworks.sh\"\n";
			showEnvVarsInLog = 0;
		};
		C05212EC1B26C8DA69BFC50D /* [CP] Check Pods Manifest.lock */ = {
			isa = PBXShellScriptBuildPhase;
			buildActionMask = 2147483647;
			files = (
			);
			inputPaths = (
			);
			name = "[CP] Check Pods Manifest.lock";
			outputPaths = (
			);
			runOnlyForDeploymentPostprocessing = 0;
			shellPath = /bin/sh;
			shellScript = "diff \"${PODS_ROOT}/../Podfile.lock\" \"${PODS_ROOT}/Manifest.lock\" > /dev/null\nif [[ $? != 0 ]] ; then\n    cat << EOM\nerror: The sandbox is not in sync with the Podfile.lock. Run 'pod install' or update your CocoaPods installation.\nEOM\n    exit 1\nfi\n";
			showEnvVarsInLog = 0;
		};
/* End PBXShellScriptBuildPhase section */

/* Begin PBXSourcesBuildPhase section */
		38AC8A821D365A0B00E18552 /* Sources */ = {
			isa = PBXSourcesBuildPhase;
			buildActionMask = 2147483647;
			files = (
				38A79EEA1D3E42E60055DD2C /* UIColor+fromRGB.swift in Sources */,
				38A79EE41D3E29B60055DD2C /* APIRequester.swift in Sources */,
				38A79EEE1D3E44A50055DD2C /* Connect.swift in Sources */,
				38A79EDE1D3D02A80055DD2C /* ProteinListViewController.swift in Sources */,
				38AC8A8C1D365A0B00E18552 /* LoginViewController.swift in Sources */,
				38A79EE21D3D06480055DD2C /* LigandsListTableViewCell.swift in Sources */,
				38A79EE81D3E3B390055DD2C /* Atom.swift in Sources */,
				38AC8A8A1D365A0B00E18552 /* AppDelegate.swift in Sources */,
			);
			runOnlyForDeploymentPostprocessing = 0;
		};
/* End PBXSourcesBuildPhase section */

/* Begin XCBuildConfiguration section */
		38AC8A961D365A0B00E18552 /* Debug */ = {
			isa = XCBuildConfiguration;
			buildSettings = {
				ALWAYS_SEARCH_USER_PATHS = NO;
				CLANG_ANALYZER_NONNULL = YES;
				CLANG_CXX_LANGUAGE_STANDARD = "gnu++0x";
				CLANG_CXX_LIBRARY = "libc++";
				CLANG_ENABLE_MODULES = YES;
				CLANG_ENABLE_OBJC_ARC = YES;
				CLANG_WARN_BOOL_CONVERSION = YES;
				CLANG_WARN_CONSTANT_CONVERSION = YES;
				CLANG_WARN_DIRECT_OBJC_ISA_USAGE = YES_ERROR;
				CLANG_WARN_EMPTY_BODY = YES;
				CLANG_WARN_ENUM_CONVERSION = YES;
				CLANG_WARN_INT_CONVERSION = YES;
				CLANG_WARN_OBJC_ROOT_CLASS = YES_ERROR;
				CLANG_WARN_UNREACHABLE_CODE = YES;
				CLANG_WARN__DUPLICATE_METHOD_MATCH = YES;
				"CODE_SIGN_IDENTITY[sdk=iphoneos*]" = "iPhone Developer";
				COPY_PHASE_STRIP = NO;
				DEBUG_INFORMATION_FORMAT = dwarf;
				ENABLE_STRICT_OBJC_MSGSEND = YES;
				ENABLE_TESTABILITY = YES;
				GCC_C_LANGUAGE_STANDARD = gnu99;
				GCC_DYNAMIC_NO_PIC = NO;
				GCC_NO_COMMON_BLOCKS = YES;
				GCC_OPTIMIZATION_LEVEL = 0;
				GCC_PREPROCESSOR_DEFINITIONS = (
					"DEBUG=1",
					"$(inherited)",
				);
				GCC_WARN_64_TO_32_BIT_CONVERSION = YES;
				GCC_WARN_ABOUT_RETURN_TYPE = YES_ERROR;
				GCC_WARN_UNDECLARED_SELECTOR = YES;
				GCC_WARN_UNINITIALIZED_AUTOS = YES_AGGRESSIVE;
				GCC_WARN_UNUSED_FUNCTION = YES;
				GCC_WARN_UNUSED_VARIABLE = YES;
				IPHONEOS_DEPLOYMENT_TARGET = 9.3;
				MTL_ENABLE_DEBUG_INFO = YES;
				ONLY_ACTIVE_ARCH = YES;
				SDKROOT = iphoneos;
				SWIFT_OPTIMIZATION_LEVEL = "-Onone";
				TARGETED_DEVICE_FAMILY = "1,2";
			};
			name = Debug;
		};
		38AC8A971D365A0B00E18552 /* Release */ = {
			isa = XCBuildConfiguration;
			buildSettings = {
				ALWAYS_SEARCH_USER_PATHS = NO;
				CLANG_ANALYZER_NONNULL = YES;
				CLANG_CXX_LANGUAGE_STANDARD = "gnu++0x";
				CLANG_CXX_LIBRARY = "libc++";
				CLANG_ENABLE_MODULES = YES;
				CLANG_ENABLE_OBJC_ARC = YES;
				CLANG_WARN_BOOL_CONVERSION = YES;
				CLANG_WARN_CONSTANT_CONVERSION = YES;
				CLANG_WARN_DIRECT_OBJC_ISA_USAGE = YES_ERROR;
				CLANG_WARN_EMPTY_BODY = YES;
				CLANG_WARN_ENUM_CONVERSION = YES;
				CLANG_WARN_INT_CONVERSION = YES;
				CLANG_WARN_OBJC_ROOT_CLASS = YES_ERROR;
				CLANG_WARN_UNREACHABLE_CODE = YES;
				CLANG_WARN__DUPLICATE_METHOD_MATCH = YES;
				"CODE_SIGN_IDENTITY[sdk=iphoneos*]" = "iPhone Developer";
				COPY_PHASE_STRIP = NO;
				DEBUG_INFORMATION_FORMAT = "dwarf-with-dsym";
				ENABLE_NS_ASSERTIONS = NO;
				ENABLE_STRICT_OBJC_MSGSEND = YES;
				GCC_C_LANGUAGE_STANDARD = gnu99;
				GCC_NO_COMMON_BLOCKS = YES;
				GCC_WARN_64_TO_32_BIT_CONVERSION = YES;
				GCC_WARN_ABOUT_RETURN_TYPE = YES_ERROR;
				GCC_WARN_UNDECLARED_SELECTOR = YES;
				GCC_WARN_UNINITIALIZED_AUTOS = YES_AGGRESSIVE;
				GCC_WARN_UNUSED_FUNCTION = YES;
				GCC_WARN_UNUSED_VARIABLE = YES;
				IPHONEOS_DEPLOYMENT_TARGET = 9.3;
				MTL_ENABLE_DEBUG_INFO = NO;
				SDKROOT = iphoneos;
				TARGETED_DEVICE_FAMILY = "1,2";
				VALIDATE_PRODUCT = YES;
			};
			name = Release;
		};
		38AC8A991D365A0B00E18552 /* Debug */ = {
			isa = XCBuildConfiguration;
			baseConfigurationReference = 7AF358246CD56AE811FBB430 /* Pods-SwiftyProtein.debug.xcconfig */;
			buildSettings = {
				ASSETCATALOG_COMPILER_APPICON_NAME = AppIcon;
				INFOPLIST_FILE = SwiftyProtein/Info.plist;
				LD_RUNPATH_SEARCH_PATHS = "$(inherited) @executable_path/Frameworks";
				PRODUCT_BUNDLE_IDENTIFIER = com.niccheva.SwiftyProtein;
				PRODUCT_NAME = "$(TARGET_NAME)";
			};
			name = Debug;
		};
		38AC8A9A1D365A0B00E18552 /* Release */ = {
			isa = XCBuildConfiguration;
			baseConfigurationReference = 39C88BDB87A4F59BB5513CCD /* Pods-SwiftyProtein.release.xcconfig */;
			buildSettings = {
				ASSETCATALOG_COMPILER_APPICON_NAME = AppIcon;
				INFOPLIST_FILE = SwiftyProtein/Info.plist;
				LD_RUNPATH_SEARCH_PATHS = "$(inherited) @executable_path/Frameworks";
				PRODUCT_BUNDLE_IDENTIFIER = com.niccheva.SwiftyProtein;
				PRODUCT_NAME = "$(TARGET_NAME)";
			};
			name = Release;
		};
/* End XCBuildConfiguration section */

/* Begin XCConfigurationList section */
		38AC8A811D365A0B00E18552 /* Build configuration list for PBXProject "SwiftyProtein" */ = {
			isa = XCConfigurationList;
			buildConfigurations = (
				38AC8A961D365A0B00E18552 /* Debug */,
				38AC8A971D365A0B00E18552 /* Release */,
			);
			defaultConfigurationIsVisible = 0;
			defaultConfigurationName = Release;
		};
		38AC8A981D365A0B00E18552 /* Build configuration list for PBXNativeTarget "SwiftyProtein" */ = {
			isa = XCConfigurationList;
			buildConfigurations = (
				38AC8A991D365A0B00E18552 /* Debug */,
				38AC8A9A1D365A0B00E18552 /* Release */,
			);
			defaultConfigurationIsVisible = 0;
			defaultConfigurationName = Release;
		};
/* End XCConfigurationList section */
	};
	rootObject = 38AC8A7E1D365A0B00E18552 /* Project object */;
}
